// !$*UTF8*$!
{
	archiveVersion = 1;
	classes = {
	};
	objectVersion = 56;
	objects = {

/* Begin PBXBuildFile section */
		362FABFF2B8DC4B4004233E1 /* calculatorApp.swift in Sources */ = {isa = PBXBuildFile; fileRef = 362FABFE2B8DC4B4004233E1 /* calculatorApp.swift */; };
		362FAC032B8DC4B4004233E1 /* Item.swift in Sources */ = {isa = PBXBuildFile; fileRef = 362FAC022B8DC4B4004233E1 /* Item.swift */; };
		362FAC082B8DC4B5004233E1 /* Preview Assets.xcassets in Resources */ = {isa = PBXBuildFile; fileRef = 362FAC072B8DC4B5004233E1 /* Preview Assets.xcassets */; };
		362FAC122B8DC4B5004233E1 /* calculatorTests.swift in Sources */ = {isa = PBXBuildFile; fileRef = 362FAC112B8DC4B5004233E1 /* calculatorTests.swift */; };
		362FAC1C2B8DC4B5004233E1 /* calculatorUITests.swift in Sources */ = {isa = PBXBuildFile; fileRef = 362FAC1B2B8DC4B5004233E1 /* calculatorUITests.swift */; };
		362FAC1E2B8DC4B5004233E1 /* calculatorUITestsLaunchTests.swift in Sources */ = {isa = PBXBuildFile; fileRef = 362FAC1D2B8DC4B5004233E1 /* calculatorUITestsLaunchTests.swift */; };
		368828D82B962B530004D145 /* MainView.swift in Sources */ = {isa = PBXBuildFile; fileRef = 368828D72B962B530004D145 /* MainView.swift */; };
		368828DC2B962C240004D145 /* Model.swift in Sources */ = {isa = PBXBuildFile; fileRef = 368828DB2B962C240004D145 /* Model.swift */; };
		368828E32B9637940004D145 /* Extension.swift in Sources */ = {isa = PBXBuildFile; fileRef = 368828E22B9637940004D145 /* Extension.swift */; };
		368828E42B9646B10004D145 /* Assets.xcassets in Resources */ = {isa = PBXBuildFile; fileRef = 362FAC042B8DC4B5004233E1 /* Assets.xcassets */; };
		36F72B682B9C640500816DC9 /* ViewModel.swift in Sources */ = {isa = PBXBuildFile; fileRef = 36F72B672B9C640500816DC9 /* ViewModel.swift */; };
/* End PBXBuildFile section */

/* Begin PBXContainerItemProxy section */
		362FAC0E2B8DC4B5004233E1 /* PBXContainerItemProxy */ = {
			isa = PBXContainerItemProxy;
			containerPortal = 362FABF32B8DC4B4004233E1 /* Project object */;
			proxyType = 1;
			remoteGlobalIDString = 362FABFA2B8DC4B4004233E1;
			remoteInfo = calculator;
		};
		362FAC182B8DC4B5004233E1 /* PBXContainerItemProxy */ = {
			isa = PBXContainerItemProxy;
			containerPortal = 362FABF32B8DC4B4004233E1 /* Project object */;
			proxyType = 1;
			remoteGlobalIDString = 362FABFA2B8DC4B4004233E1;
			remoteInfo = calculator;
		};
/* End PBXContainerItemProxy section */

/* Begin PBXFileReference section */
		362FABFB2B8DC4B4004233E1 /* calculator.app */ = {isa = PBXFileReference; explicitFileType = wrapper.application; includeInIndex = 0; path = calculator.app; sourceTree = BUILT_PRODUCTS_DIR; };
		362FABFE2B8DC4B4004233E1 /* calculatorApp.swift */ = {isa = PBXFileReference; lastKnownFileType = sourcecode.swift; path = calculatorApp.swift; sourceTree = "<group>"; };
		362FAC022B8DC4B4004233E1 /* Item.swift */ = {isa = PBXFileReference; lastKnownFileType = sourcecode.swift; path = Item.swift; sourceTree = "<group>"; };
		362FAC042B8DC4B5004233E1 /* Assets.xcassets */ = {isa = PBXFileReference; lastKnownFileType = folder.assetcatalog; name = Assets.xcassets; path = calculator/Assets.xcassets; sourceTree = SOURCE_ROOT; };
		362FAC072B8DC4B5004233E1 /* Preview Assets.xcassets */ = {isa = PBXFileReference; lastKnownFileType = folder.assetcatalog; path = "Preview Assets.xcassets"; sourceTree = "<group>"; };
		362FAC0D2B8DC4B5004233E1 /* calculatorTests.xctest */ = {isa = PBXFileReference; explicitFileType = wrapper.cfbundle; includeInIndex = 0; path = calculatorTests.xctest; sourceTree = BUILT_PRODUCTS_DIR; };
		362FAC112B8DC4B5004233E1 /* calculatorTests.swift */ = {isa = PBXFileReference; lastKnownFileType = sourcecode.swift; path = calculatorTests.swift; sourceTree = "<group>"; };
		362FAC172B8DC4B5004233E1 /* calculatorUITests.xctest */ = {isa = PBXFileReference; explicitFileType = wrapper.cfbundle; includeInIndex = 0; path = calculatorUITests.xctest; sourceTree = BUILT_PRODUCTS_DIR; };
		362FAC1B2B8DC4B5004233E1 /* calculatorUITests.swift */ = {isa = PBXFileReference; lastKnownFileType = sourcecode.swift; path = calculatorUITests.swift; sourceTree = "<group>"; };
		362FAC1D2B8DC4B5004233E1 /* calculatorUITestsLaunchTests.swift */ = {isa = PBXFileReference; lastKnownFileType = sourcecode.swift; path = calculatorUITestsLaunchTests.swift; sourceTree = "<group>"; };
		368828D72B962B530004D145 /* MainView.swift */ = {isa = PBXFileReference; lastKnownFileType = sourcecode.swift; path = MainView.swift; sourceTree = "<group>"; };
		368828DB2B962C240004D145 /* Model.swift */ = {isa = PBXFileReference; lastKnownFileType = sourcecode.swift; path = Model.swift; sourceTree = "<group>"; };
		368828E22B9637940004D145 /* Extension.swift */ = {isa = PBXFileReference; lastKnownFileType = sourcecode.swift; path = Extension.swift; sourceTree = "<group>"; };
		36F72B672B9C640500816DC9 /* ViewModel.swift */ = {isa = PBXFileReference; lastKnownFileType = sourcecode.swift; path = ViewModel.swift; sourceTree = "<group>"; };
/* End PBXFileReference section */

/* Begin PBXFrameworksBuildPhase section */
		362FABF82B8DC4B4004233E1 /* Frameworks */ = {
			isa = PBXFrameworksBuildPhase;
			buildActionMask = 2147483647;
			files = (
			);
			runOnlyForDeploymentPostprocessing = 0;
		};
		362FAC0A2B8DC4B5004233E1 /* Frameworks */ = {
			isa = PBXFrameworksBuildPhase;
			buildActionMask = 2147483647;
			files = (
			);
			runOnlyForDeploymentPostprocessing = 0;
		};
		362FAC142B8DC4B5004233E1 /* Frameworks */ = {
			isa = PBXFrameworksBuildPhase;
			buildActionMask = 2147483647;
			files = (
			);
			runOnlyForDeploymentPostprocessing = 0;
		};
/* End PBXFrameworksBuildPhase section */

/* Begin PBXGroup section */
		362FABF22B8DC4B4004233E1 = {
			isa = PBXGroup;
			children = (
				362FABFD2B8DC4B4004233E1 /* calculator */,
				362FAC102B8DC4B5004233E1 /* calculatorTests */,
				362FAC1A2B8DC4B5004233E1 /* calculatorUITests */,
				362FABFC2B8DC4B4004233E1 /* Products */,
			);
			sourceTree = "<group>";
		};
		362FABFC2B8DC4B4004233E1 /* Products */ = {
			isa = PBXGroup;
			children = (
				362FABFB2B8DC4B4004233E1 /* calculator.app */,
				362FAC0D2B8DC4B5004233E1 /* calculatorTests.xctest */,
				362FAC172B8DC4B5004233E1 /* calculatorUITests.xctest */,
			);
			name = Products;
			sourceTree = "<group>";
		};
		362FABFD2B8DC4B4004233E1 /* calculator */ = {
			isa = PBXGroup;
			children = (
				362FABFE2B8DC4B4004233E1 /* calculatorApp.swift */,
				362FAC022B8DC4B4004233E1 /* Item.swift */,
				362FAC042B8DC4B5004233E1 /* Assets.xcassets */,
				368828D62B962AFF0004D145 /* Views */,
				36F72B662B9C639700816DC9 /* ViewModel */,
				368828D92B962BE30004D145 /* Model */,
				368828E12B96376A0004D145 /* Extension */,
				362FAC062B8DC4B5004233E1 /* Preview Content */,
			);
			path = calculator;
			sourceTree = "<group>";
		};
		362FAC062B8DC4B5004233E1 /* Preview Content */ = {
			isa = PBXGroup;
			children = (
				362FAC072B8DC4B5004233E1 /* Preview Assets.xcassets */,
			);
			path = "Preview Content";
			sourceTree = "<group>";
		};
		362FAC102B8DC4B5004233E1 /* calculatorTests */ = {
			isa = PBXGroup;
			children = (
				362FAC112B8DC4B5004233E1 /* calculatorTests.swift */,
			);
			path = calculatorTests;
			sourceTree = "<group>";
		};
		362FAC1A2B8DC4B5004233E1 /* calculatorUITests */ = {
			isa = PBXGroup;
			children = (
				362FAC1B2B8DC4B5004233E1 /* calculatorUITests.swift */,
				362FAC1D2B8DC4B5004233E1 /* calculatorUITestsLaunchTests.swift */,
			);
			path = calculatorUITests;
			sourceTree = "<group>";
		};
		368828D62B962AFF0004D145 /* Views */ = {
			isa = PBXGroup;
			children = (
				368828D72B962B530004D145 /* MainView.swift */,
			);
			path = Views;
			sourceTree = "<group>";
		};
		368828D92B962BE30004D145 /* Model */ = {
			isa = PBXGroup;
			children = (
				368828DB2B962C240004D145 /* Model.swift */,
			);
			path = Model;
			sourceTree = "<group>";
		};
		368828E12B96376A0004D145 /* Extension */ = {
			isa = PBXGroup;
			children = (
				368828E22B9637940004D145 /* Extension.swift */,
			);
			name = Extension;
			path = ViewGroup;
			sourceTree = "<group>";
		};
		36F72B662B9C639700816DC9 /* ViewModel */ = {
			isa = PBXGroup;
			children = (
				36F72B672B9C640500816DC9 /* ViewModel.swift */,
			);
			path = ViewModel;
			sourceTree = "<group>";
		};
/* End PBXGroup section */

/* Begin PBXNativeTarget section */
		362FABFA2B8DC4B4004233E1 /* calculator */ = {
			isa = PBXNativeTarget;
			buildConfigurationList = 362FAC212B8DC4B5004233E1 /* Build configuration list for PBXNativeTarget "calculator" */;
			buildPhases = (
				362FABF72B8DC4B4004233E1 /* Sources */,
				362FABF82B8DC4B4004233E1 /* Frameworks */,
				362FABF92B8DC4B4004233E1 /* Resources */,
			);
			buildRules = (
			);
			dependencies = (
			);
			name = calculator;
			productName = calculator;
			productReference = 362FABFB2B8DC4B4004233E1 /* calculator.app */;
			productType = "com.apple.product-type.application";
		};
		362FAC0C2B8DC4B5004233E1 /* calculatorTests */ = {
			isa = PBXNativeTarget;
			buildConfigurationList = 362FAC242B8DC4B5004233E1 /* Build configuration list for PBXNativeTarget "calculatorTests" */;
			buildPhases = (
				362FAC092B8DC4B5004233E1 /* Sources */,
				362FAC0A2B8DC4B5004233E1 /* Frameworks */,
				362FAC0B2B8DC4B5004233E1 /* Resources */,
			);
			buildRules = (
			);
			dependencies = (
				362FAC0F2B8DC4B5004233E1 /* PBXTargetDependency */,
			);
			name = calculatorTests;
			productName = calculatorTests;
			productReference = 362FAC0D2B8DC4B5004233E1 /* calculatorTests.xctest */;
			productType = "com.apple.product-type.bundle.unit-test";
		};
		362FAC162B8DC4B5004233E1 /* calculatorUITests */ = {
			isa = PBXNativeTarget;
			buildConfigurationList = 362FAC272B8DC4B5004233E1 /* Build configuration list for PBXNativeTarget "calculatorUITests" */;
			buildPhases = (
				362FAC132B8DC4B5004233E1 /* Sources */,
				362FAC142B8DC4B5004233E1 /* Frameworks */,
				362FAC152B8DC4B5004233E1 /* Resources */,
			);
			buildRules = (
			);
			dependencies = (
				362FAC192B8DC4B5004233E1 /* PBXTargetDependency */,
			);
			name = calculatorUITests;
			productName = calculatorUITests;
			productReference = 362FAC172B8DC4B5004233E1 /* calculatorUITests.xctest */;
			productType = "com.apple.product-type.bundle.ui-testing";
		};
/* End PBXNativeTarget section */

/* Begin PBXProject section */
		362FABF32B8DC4B4004233E1 /* Project object */ = {
			isa = PBXProject;
			attributes = {
				BuildIndependentTargetsInParallel = 1;
				LastSwiftUpdateCheck = 1500;
				LastUpgradeCheck = 1500;
				TargetAttributes = {
					362FABFA2B8DC4B4004233E1 = {
						CreatedOnToolsVersion = 15.0.1;
					};
					362FAC0C2B8DC4B5004233E1 = {
						CreatedOnToolsVersion = 15.0.1;
						TestTargetID = 362FABFA2B8DC4B4004233E1;
					};
					362FAC162B8DC4B5004233E1 = {
						CreatedOnToolsVersion = 15.0.1;
						TestTargetID = 362FABFA2B8DC4B4004233E1;
					};
				};
			};
			buildConfigurationList = 362FABF62B8DC4B4004233E1 /* Build configuration list for PBXProject "calculator" */;
			compatibilityVersion = "Xcode 14.0";
			developmentRegion = en;
			hasScannedForEncodings = 0;
			knownRegions = (
				en,
				Base,
			);
			mainGroup = 362FABF22B8DC4B4004233E1;
			productRefGroup = 362FABFC2B8DC4B4004233E1 /* Products */;
			projectDirPath = "";
			projectRoot = "";
			targets = (
				362FABFA2B8DC4B4004233E1 /* calculator */,
				362FAC0C2B8DC4B5004233E1 /* calculatorTests */,
				362FAC162B8DC4B5004233E1 /* calculatorUITests */,
			);
		};
/* End PBXProject section */

/* Begin PBXResourcesBuildPhase section */
		362FABF92B8DC4B4004233E1 /* Resources */ = {
			isa = PBXResourcesBuildPhase;
			buildActionMask = 2147483647;
			files = (
				368828E42B9646B10004D145 /* Assets.xcassets in Resources */,
				362FAC082B8DC4B5004233E1 /* Preview Assets.xcassets in Resources */,
			);
			runOnlyForDeploymentPostprocessing = 0;
		};
		362FAC0B2B8DC4B5004233E1 /* Resources */ = {
			isa = PBXResourcesBuildPhase;
			buildActionMask = 2147483647;
			files = (
			);
			runOnlyForDeploymentPostprocessing = 0;
		};
		362FAC152B8DC4B5004233E1 /* Resources */ = {
			isa = PBXResourcesBuildPhase;
			buildActionMask = 2147483647;
			files = (
			);
			runOnlyForDeploymentPostprocessing = 0;
		};
/* End PBXResourcesBuildPhase section */

/* Begin PBXSourcesBuildPhase section */
		362FABF72B8DC4B4004233E1 /* Sources */ = {
			isa = PBXSourcesBuildPhase;
			buildActionMask = 2147483647;
			files = (
				368828E32B9637940004D145 /* Extension.swift in Sources */,
				368828D82B962B530004D145 /* MainView.swift in Sources */,
				362FAC032B8DC4B4004233E1 /* Item.swift in Sources */,
				362FABFF2B8DC4B4004233E1 /* calculatorApp.swift in Sources */,
				36F72B682B9C640500816DC9 /* ViewModel.swift in Sources */,
				368828DC2B962C240004D145 /* Model.swift in Sources */,
			);
			runOnlyForDeploymentPostprocessing = 0;
		};
		362FAC092B8DC4B5004233E1 /* Sources */ = {
			isa = PBXSourcesBuildPhase;
			buildActionMask = 2147483647;
			files = (
				362FAC122B8DC4B5004233E1 /* calculatorTests.swift in Sources */,
			);
			runOnlyForDeploymentPostprocessing = 0;
		};
		362FAC132B8DC4B5004233E1 /* Sources */ = {
			isa = PBXSourcesBuildPhase;
			buildActionMask = 2147483647;
			files = (
				362FAC1E2B8DC4B5004233E1 /* calculatorUITestsLaunchTests.swift in Sources */,
				362FAC1C2B8DC4B5004233E1 /* calculatorUITests.swift in Sources */,
			);
			runOnlyForDeploymentPostprocessing = 0;
		};
/* End PBXSourcesBuildPhase section */

/* Begin PBXTargetDependency section */
		362FAC0F2B8DC4B5004233E1 /* PBXTargetDependency */ = {
			isa = PBXTargetDependency;
			target = 362FABFA2B8DC4B4004233E1 /* calculator */;
			targetProxy = 362FAC0E2B8DC4B5004233E1 /* PBXContainerItemProxy */;
		};
		362FAC192B8DC4B5004233E1 /* PBXTargetDependency */ = {
			isa = PBXTargetDependency;
			target = 362FABFA2B8DC4B4004233E1 /* calculator */;
			targetProxy = 362FAC182B8DC4B5004233E1 /* PBXContainerItemProxy */;
		};
/* End PBXTargetDependency section */

/* Begin XCBuildConfiguration section */
		362FAC1F2B8DC4B5004233E1 /* Debug */ = {
			isa = XCBuildConfiguration;
			buildSettings = {
				ALWAYS_SEARCH_USER_PATHS = NO;
				ASSETCATALOG_COMPILER_GENERATE_SWIFT_ASSET_SYMBOL_EXTENSIONS = YES;
				CLANG_ANALYZER_NONNULL = YES;
				CLANG_ANALYZER_NUMBER_OBJECT_CONVERSION = YES_AGGRESSIVE;
				CLANG_CXX_LANGUAGE_STANDARD = "gnu++20";
				CLANG_ENABLE_MODULES = YES;
				CLANG_ENABLE_OBJC_ARC = YES;
				CLANG_ENABLE_OBJC_WEAK = YES;
				CLANG_WARN_BLOCK_CAPTURE_AUTORELEASING = YES;
				CLANG_WARN_BOOL_CONVERSION = YES;
				CLANG_WARN_COMMA = YES;
				CLANG_WARN_CONSTANT_CONVERSION = YES;
				CLANG_WARN_DEPRECATED_OBJC_IMPLEMENTATIONS = YES;
				CLANG_WARN_DIRECT_OBJC_ISA_USAGE = YES_ERROR;
				CLANG_WARN_DOCUMENTATION_COMMENTS = YES;
				CLANG_WARN_EMPTY_BODY = YES;
				CLANG_WARN_ENUM_CONVERSION = YES;
				CLANG_WARN_INFINITE_RECURSION = YES;
				CLANG_WARN_INT_CONVERSION = YES;
				CLANG_WARN_NON_LITERAL_NULL_CONVERSION = YES;
				CLANG_WARN_OBJC_IMPLICIT_RETAIN_SELF = YES;
				CLANG_WARN_OBJC_LITERAL_CONVERSION = YES;
				CLANG_WARN_OBJC_ROOT_CLASS = YES_ERROR;
				CLANG_WARN_QUOTED_INCLUDE_IN_FRAMEWORK_HEADER = YES;
				CLANG_WARN_RANGE_LOOP_ANALYSIS = YES;
				CLANG_WARN_STRICT_PROTOTYPES = YES;
				CLANG_WARN_SUSPICIOUS_MOVE = YES;
				CLANG_WARN_UNGUARDED_AVAILABILITY = YES_AGGRESSIVE;
				CLANG_WARN_UNREACHABLE_CODE = YES;
				CLANG_WARN__DUPLICATE_METHOD_MATCH = YES;
				COPY_PHASE_STRIP = NO;
				DEBUG_INFORMATION_FORMAT = dwarf;
				ENABLE_STRICT_OBJC_MSGSEND = YES;
				ENABLE_TESTABILITY = YES;
				ENABLE_USER_SCRIPT_SANDBOXING = YES;
				GCC_C_LANGUAGE_STANDARD = gnu17;
				GCC_DYNAMIC_NO_PIC = NO;
				GCC_NO_COMMON_BLOCKS = YES;
				GCC_OPTIMIZATION_LEVEL = 0;
				GCC_PREPROCESSOR_DEFINITIONS = (
					"DEBUG=1",
					"$(inherited)",
				);
				GCC_WARN_64_TO_32_BIT_CONVERSION = YES;
				GCC_WARN_ABOUT_RETURN_TYPE = YES_ERROR;
				GCC_WARN_UNDECLARED_SELECTOR = YES;
				GCC_WARN_UNINITIALIZED_AUTOS = YES_AGGRESSIVE;
				GCC_WARN_UNUSED_FUNCTION = YES;
				GCC_WARN_UNUSED_VARIABLE = YES;
				IPHONEOS_DEPLOYMENT_TARGET = 17.0;
				LOCALIZATION_PREFERS_STRING_CATALOGS = YES;
				MTL_ENABLE_DEBUG_INFO = INCLUDE_SOURCE;
				MTL_FAST_MATH = YES;
				ONLY_ACTIVE_ARCH = YES;
				SDKROOT = iphoneos;
				SWIFT_ACTIVE_COMPILATION_CONDITIONS = "DEBUG $(inherited)";
				SWIFT_OPTIMIZATION_LEVEL = "-Onone";
			};
			name = Debug;
		};
		362FAC202B8DC4B5004233E1 /* Release */ = {
			isa = XCBuildConfiguration;
			buildSettings = {
				ALWAYS_SEARCH_USER_PATHS = NO;
				ASSETCATALOG_COMPILER_GENERATE_SWIFT_ASSET_SYMBOL_EXTENSIONS = YES;
				CLANG_ANALYZER_NONNULL = YES;
				CLANG_ANALYZER_NUMBER_OBJECT_CONVERSION = YES_AGGRESSIVE;
				CLANG_CXX_LANGUAGE_STANDARD = "gnu++20";
				CLANG_ENABLE_MODULES = YES;
				CLANG_ENABLE_OBJC_ARC = YES;
				CLANG_ENABLE_OBJC_WEAK = YES;
				CLANG_WARN_BLOCK_CAPTURE_AUTORELEASING = YES;
				CLANG_WARN_BOOL_CONVERSION = YES;
				CLANG_WARN_COMMA = YES;
				CLANG_WARN_CONSTANT_CONVERSION = YES;
				CLANG_WARN_DEPRECATED_OBJC_IMPLEMENTATIONS = YES;
				CLANG_WARN_DIRECT_OBJC_ISA_USAGE = YES_ERROR;
				CLANG_WARN_DOCUMENTATION_COMMENTS = YES;
				CLANG_WARN_EMPTY_BODY = YES;
				CLANG_WARN_ENUM_CONVERSION = YES;
				CLANG_WARN_INFINITE_RECURSION = YES;
				CLANG_WARN_INT_CONVERSION = YES;
				CLANG_WARN_NON_LITERAL_NULL_CONVERSION = YES;
				CLANG_WARN_OBJC_IMPLICIT_RETAIN_SELF = YES;
				CLANG_WARN_OBJC_LITERAL_CONVERSION = YES;
				CLANG_WARN_OBJC_ROOT_CLASS = YES_ERROR;
				CLANG_WARN_QUOTED_INCLUDE_IN_FRAMEWORK_HEADER = YES;
				CLANG_WARN_RANGE_LOOP_ANALYSIS = YES;
				CLANG_WARN_STRICT_PROTOTYPES = YES;
				CLANG_WARN_SUSPICIOUS_MOVE = YES;
				CLANG_WARN_UNGUARDED_AVAILABILITY = YES_AGGRESSIVE;
				CLANG_WARN_UNREACHABLE_CODE = YES;
				CLANG_WARN__DUPLICATE_METHOD_MATCH = YES;
				COPY_PHASE_STRIP = NO;
				DEBUG_INFORMATION_FORMAT = "dwarf-with-dsym";
				ENABLE_NS_ASSERTIONS = NO;
				ENABLE_STRICT_OBJC_MSGSEND = YES;
				ENABLE_USER_SCRIPT_SANDBOXING = YES;
				GCC_C_LANGUAGE_STANDARD = gnu17;
				GCC_NO_COMMON_BLOCKS = YES;
				GCC_WARN_64_TO_32_BIT_CONVERSION = YES;
				GCC_WARN_ABOUT_RETURN_TYPE = YES_ERROR;
				GCC_WARN_UNDECLARED_SELECTOR = YES;
				GCC_WARN_UNINITIALIZED_AUTOS = YES_AGGRESSIVE;
				GCC_WARN_UNUSED_FUNCTION = YES;
				GCC_WARN_UNUSED_VARIABLE = YES;
				IPHONEOS_DEPLOYMENT_TARGET = 17.0;
				LOCALIZATION_PREFERS_STRING_CATALOGS = YES;
				MTL_ENABLE_DEBUG_INFO = NO;
				MTL_FAST_MATH = YES;
				SDKROOT = iphoneos;
				SWIFT_COMPILATION_MODE = wholemodule;
				VALIDATE_PRODUCT = YES;
			};
			name = Release;
		};
		362FAC222B8DC4B5004233E1 /* Debug */ = {
			isa = XCBuildConfiguration;
			buildSettings = {
				ASSETCATALOG_COMPILER_APPICON_NAME = AppIcon;
				ASSETCATALOG_COMPILER_GLOBAL_ACCENT_COLOR_NAME = AccentColor;
				CODE_SIGN_STYLE = Automatic;
				CURRENT_PROJECT_VERSION = 1;
				DEVELOPMENT_ASSET_PATHS = "\"calculator/Preview Content\"";
				DEVELOPMENT_TEAM = KM89XCVX94;
				ENABLE_PREVIEWS = YES;
				GENERATE_INFOPLIST_FILE = YES;
				INFOPLIST_KEY_LSApplicationCategoryType = "public.app-category.education";
				INFOPLIST_KEY_UIApplicationSceneManifest_Generation = YES;
				INFOPLIST_KEY_UIApplicationSupportsIndirectInputEvents = YES;
				INFOPLIST_KEY_UILaunchScreen_Generation = YES;
				INFOPLIST_KEY_UISupportedInterfaceOrientations_iPad = "UIInterfaceOrientationPortrait UIInterfaceOrientationPortraitUpsideDown UIInterfaceOrientationLandscapeLeft UIInterfaceOrientationLandscapeRight";
				INFOPLIST_KEY_UISupportedInterfaceOrientations_iPhone = "UIInterfaceOrientationPortrait UIInterfaceOrientationLandscapeLeft UIInterfaceOrientationLandscapeRight";
				LD_RUNPATH_SEARCH_PATHS = (
					"$(inherited)",
					"@executable_path/Frameworks",
				);
				MARKETING_VERSION = 1.0;
				PRODUCT_BUNDLE_IDENTIFIER = Luschevskaya.calculator;
				PRODUCT_NAME = "$(TARGET_NAME)";
				SWIFT_EMIT_LOC_STRINGS = YES;
				SWIFT_VERSION = 5.0;
				TARGETED_DEVICE_FAMILY = "1,2";
			};
			name = Debug;
		};
		362FAC232B8DC4B5004233E1 /* Release */ = {
			isa = XCBuildConfiguration;
			buildSettings = {
				ASSETCATALOG_COMPILER_APPICON_NAME = AppIcon;
				ASSETCATALOG_COMPILER_GLOBAL_ACCENT_COLOR_NAME = AccentColor;
				CODE_SIGN_STYLE = Automatic;
				CURRENT_PROJECT_VERSION = 1;
				DEVELOPMENT_ASSET_PATHS = "\"calculator/Preview Content\"";
				DEVELOPMENT_TEAM = KM89XCVX94;
				ENABLE_PREVIEWS = YES;
				GENERATE_INFOPLIST_FILE = YES;
				INFOPLIST_KEY_LSApplicationCategoryType = "public.app-category.education";
				INFOPLIST_KEY_UIApplicationSceneManifest_Generation = YES;
				INFOPLIST_KEY_UIApplicationSupportsIndirectInputEvents = YES;
				INFOPLIST_KEY_UILaunchScreen_Generation = YES;
				INFOPLIST_KEY_UISupportedInterfaceOrientations_iPad = "UIInterfaceOrientationPortrait UIInterfaceOrientationPortraitUpsideDown UIInterfaceOrientationLandscapeLeft UIInterfaceOrientationLandscapeRight";
				INFOPLIST_KEY_UISupportedInterfaceOrientations_iPhone = "UIInterfaceOrientationPortrait UIInterfaceOrientationLandscapeLeft UIInterfaceOrientationLandscapeRight";
				LD_RUNPATH_SEARCH_PATHS = (
					"$(inherited)",
					"@executable_path/Frameworks",
				);
				MARKETING_VERSION = 1.0;
				PRODUCT_BUNDLE_IDENTIFIER = Luschevskaya.calculator;
				PRODUCT_NAME = "$(TARGET_NAME)";
				SWIFT_EMIT_LOC_STRINGS = YES;
				SWIFT_VERSION = 5.0;
				TARGETED_DEVICE_FAMILY = "1,2";
			};
			name = Release;
		};
		362FAC252B8DC4B5004233E1 /* Debug */ = {
			isa = XCBuildConfiguration;
			buildSettings = {
				ALWAYS_EMBED_SWIFT_STANDARD_LIBRARIES = YES;
				BUNDLE_LOADER = "$(TEST_HOST)";
				CODE_SIGN_STYLE = Automatic;
				CURRENT_PROJECT_VERSION = 1;
				GENERATE_INFOPLIST_FILE = YES;
				IPHONEOS_DEPLOYMENT_TARGET = 17.0;
				MARKETING_VERSION = 1.0;
				PRODUCT_BUNDLE_IDENTIFIER = Luschevskaya.calculatorTests;
				PRODUCT_NAME = "$(TARGET_NAME)";
				SWIFT_EMIT_LOC_STRINGS = NO;
				SWIFT_VERSION = 5.0;
				TARGETED_DEVICE_FAMILY = "1,2";
				TEST_HOST = "$(BUILT_PRODUCTS_DIR)/calculator.app/$(BUNDLE_EXECUTABLE_FOLDER_PATH)/calculator";
			};
			name = Debug;
		};
		362FAC262B8DC4B5004233E1 /* Release */ = {
			isa = XCBuildConfiguration;
			buildSettings = {
				ALWAYS_EMBED_SWIFT_STANDARD_LIBRARIES = YES;
				BUNDLE_LOADER = "$(TEST_HOST)";
				CODE_SIGN_STYLE = Automatic;
				CURRENT_PROJECT_VERSION = 1;
				GENERATE_INFOPLIST_FILE = YES;
				IPHONEOS_DEPLOYMENT_TARGET = 17.0;
				MARKETING_VERSION = 1.0;
				PRODUCT_BUNDLE_IDENTIFIER = Luschevskaya.calculatorTests;
				PRODUCT_NAME = "$(TARGET_NAME)";
				SWIFT_EMIT_LOC_STRINGS = NO;
				SWIFT_VERSION = 5.0;
				TARGETED_DEVICE_FAMILY = "1,2";
				TEST_HOST = "$(BUILT_PRODUCTS_DIR)/calculator.app/$(BUNDLE_EXECUTABLE_FOLDER_PATH)/calculator";
			};
			name = Release;
		};
		362FAC282B8DC4B5004233E1 /* Debug */ = {
			isa = XCBuildConfiguration;
			buildSettings = {
				ALWAYS_EMBED_SWIFT_STANDARD_LIBRARIES = YES;
				CODE_SIGN_STYLE = Automatic;
				CURRENT_PROJECT_VERSION = 1;
				GENERATE_INFOPLIST_FILE = YES;
				MARKETING_VERSION = 1.0;
				PRODUCT_BUNDLE_IDENTIFIER = Luschevskaya.calculatorUITests;
				PRODUCT_NAME = "$(TARGET_NAME)";
				SWIFT_EMIT_LOC_STRINGS = NO;
				SWIFT_VERSION = 5.0;
				TARGETED_DEVICE_FAMILY = "1,2";
				TEST_TARGET_NAME = calculator;
			};
			name = Debug;
		};
		362FAC292B8DC4B5004233E1 /* Release */ = {
			isa = XCBuildConfiguration;
			buildSettings = {
				ALWAYS_EMBED_SWIFT_STANDARD_LIBRARIES = YES;
				CODE_SIGN_STYLE = Automatic;
				CURRENT_PROJECT_VERSION = 1;
				GENERATE_INFOPLIST_FILE = YES;
				MARKETING_VERSION = 1.0;
				PRODUCT_BUNDLE_IDENTIFIER = Luschevskaya.calculatorUITests;
				PRODUCT_NAME = "$(TARGET_NAME)";
				SWIFT_EMIT_LOC_STRINGS = NO;
				SWIFT_VERSION = 5.0;
				TARGETED_DEVICE_FAMILY = "1,2";
				TEST_TARGET_NAME = calculator;
			};
			name = Release;
		};
/* End XCBuildConfiguration section */

/* Begin XCConfigurationList section */
		362FABF62B8DC4B4004233E1 /* Build configuration list for PBXProject "calculator" */ = {
			isa = XCConfigurationList;
			buildConfigurations = (
				362FAC1F2B8DC4B5004233E1 /* Debug */,
				362FAC202B8DC4B5004233E1 /* Release */,
			);
			defaultConfigurationIsVisible = 0;
			defaultConfigurationName = Release;
		};
		362FAC212B8DC4B5004233E1 /* Build configuration list for PBXNativeTarget "calculator" */ = {
			isa = XCConfigurationList;
			buildConfigurations = (
				362FAC222B8DC4B5004233E1 /* Debug */,
				362FAC232B8DC4B5004233E1 /* Release */,
			);
			defaultConfigurationIsVisible = 0;
			defaultConfigurationName = Release;
		};
		362FAC242B8DC4B5004233E1 /* Build configuration list for PBXNativeTarget "calculatorTests" */ = {
			isa = XCConfigurationList;
			buildConfigurations = (
				362FAC252B8DC4B5004233E1 /* Debug */,
				362FAC262B8DC4B5004233E1 /* Release */,
			);
			defaultConfigurationIsVisible = 0;
			defaultConfigurationName = Release;
		};
		362FAC272B8DC4B5004233E1 /* Build configuration list for PBXNativeTarget "calculatorUITests" */ = {
			isa = XCConfigurationList;
			buildConfigurations = (
				362FAC282B8DC4B5004233E1 /* Debug */,
				362FAC292B8DC4B5004233E1 /* Release */,
			);
			defaultConfigurationIsVisible = 0;
			defaultConfigurationName = Release;
		};
/* End XCConfigurationList section */
	};
	rootObject = 362FABF32B8DC4B4004233E1 /* Project object */;
}
